
Microsoft Visual Studio Solution File, Format Version 12.00
# Visual Studio Version 17
VisualStudioVersion = 17.8.34330.188
MinimumVisualStudioVersion = 10.0.40219.1
Project("{9A19103F-16F7-4668-BE54-9A1E7A4F7556}") = "Project_logger", "Project_logger.csproj", "{5BA7D826-A6DC-4CA4-8D2F-2B50B531D701}"
EndProject
Project("{FAE04EC0-301F-11D3-BF4B-00C04F79EFBC}") = "RepositoryLib", "RepositoryLib\RepositoryLib.csproj", "{A0839C20-53AB-4B62-930E-819A30C23859}"
EndProject
Global
	GlobalSection(SolutionConfigurationPlatforms) = preSolution
		Debug|Any CPU = Debug|Any CPU
		Release|Any CPU = Release|Any CPU
	EndGlobalSection
	GlobalSection(ProjectConfigurationPlatforms) = postSolution
		{5BA7D826-A6DC-4CA4-8D2F-2B50B531D701}.Debug|Any CPU.ActiveCfg = Debug|Any CPU
		{5BA7D826-A6DC-4CA4-8D2F-2B50B531D701}.Debug|Any CPU.Build.0 = Debug|Any CPU
		{5BA7D826-A6DC-4CA4-8D2F-2B50B531D701}.Release|Any CPU.ActiveCfg = Release|Any CPU
		{5BA7D826-A6DC-4CA4-8D2F-2B50B531D701}.Release|Any CPU.Build.0 = Release|Any CPU
		{A0839C20-53AB-4B62-930E-819A30C23859}.Debug|Any CPU.ActiveCfg = Debug|Any CPU
		{A0839C20-53AB-4B62-930E-819A30C23859}.Debug|Any CPU.Build.0 = Debug|Any CPU
		{A0839C20-53AB-4B62-930E-819A30C23859}.Release|Any CPU.ActiveCfg = Release|Any CPU
		{A0839C20-53AB-4B62-930E-819A30C23859}.Release|Any CPU.Build.0 = Release|Any CPU
	EndGlobalSection
	GlobalSection(SolutionProperties) = preSolution
		HideSolutionNode = FALSE
	EndGlobalSection
	GlobalSection(ExtensibilityGlobals) = postSolution
		SolutionGuid = {8F86E855-A84B-4104-B29A-DBC21D29D06E}
	EndGlobalSection
EndGlobal
