
Microsoft Visual Studio Solution File, Format Version 12.00
# Visual Studio Version 17
VisualStudioVersion = 17.8.34330.188
MinimumVisualStudioVersion = 10.0.40219.1
Project("{9A19103F-16F7-4668-BE54-9A1E7A4F7556}") = "Project_logger", "Project_logger.csproj", "{5BA7D826-A6DC-4CA4-8D2F-2B50B531D701}"
EndProject
Project("{9A19103F-16F7-4668-BE54-9A1E7A4F7556}") = "EMS1", "..\EMS1\EMS1.csproj", "{812941D3-F90F-4BCC-85E7-9A3D68B9FBB0}"
EndProject
Project("{FAE04EC0-301F-11D3-BF4B-00C04F79EFBC}") = "RoleRepository", "..\RoleRepository\RoleRepository.csproj", "{1CF29641-CA02-495D-BD6A-0DA72A599A74}"
EndProject
Global
	GlobalSection(SolutionConfigurationPlatforms) = preSolution
		Debug|Any CPU = Debug|Any CPU
		Release|Any CPU = Release|Any CPU
	EndGlobalSection
	GlobalSection(ProjectConfigurationPlatforms) = postSolution
		{5BA7D826-A6DC-4CA4-8D2F-2B50B531D701}.Debug|Any CPU.ActiveCfg = Debug|Any CPU
		{5BA7D826-A6DC-4CA4-8D2F-2B50B531D701}.Debug|Any CPU.Build.0 = Debug|Any CPU
		{5BA7D826-A6DC-4CA4-8D2F-2B50B531D701}.Release|Any CPU.ActiveCfg = Release|Any CPU
		{5BA7D826-A6DC-4CA4-8D2F-2B50B531D701}.Release|Any CPU.Build.0 = Release|Any CPU
		{812941D3-F90F-4BCC-85E7-9A3D68B9FBB0}.Debug|Any CPU.ActiveCfg = Debug|Any CPU
		{812941D3-F90F-4BCC-85E7-9A3D68B9FBB0}.Debug|Any CPU.Build.0 = Debug|Any CPU
		{812941D3-F90F-4BCC-85E7-9A3D68B9FBB0}.Release|Any CPU.ActiveCfg = Release|Any CPU
		{812941D3-F90F-4BCC-85E7-9A3D68B9FBB0}.Release|Any CPU.Build.0 = Release|Any CPU
		{1CF29641-CA02-495D-BD6A-0DA72A599A74}.Debug|Any CPU.ActiveCfg = Debug|Any CPU
		{1CF29641-CA02-495D-BD6A-0DA72A599A74}.Debug|Any CPU.Build.0 = Debug|Any CPU
		{1CF29641-CA02-495D-BD6A-0DA72A599A74}.Release|Any CPU.ActiveCfg = Release|Any CPU
		{1CF29641-CA02-495D-BD6A-0DA72A599A74}.Release|Any CPU.Build.0 = Release|Any CPU
	EndGlobalSection
	GlobalSection(SolutionProperties) = preSolution
		HideSolutionNode = FALSE
	EndGlobalSection
	GlobalSection(ExtensibilityGlobals) = postSolution
		SolutionGuid = {8F86E855-A84B-4104-B29A-DBC21D29D06E}
	EndGlobalSection
EndGlobal
